// !$*UTF8*$!
{
	archiveVersion = 1;
	classes = {
	};
	objectVersion = 46;
	objects = {

/* Begin PBXBuildFile section */
		360BD0361BC37FFC004312AB /* bits.c in Sources */ = {isa = PBXBuildFile; fileRef = 360BD0311BC37FFC004312AB /* bits.c */; settings = {ASSET_TAGS = (); }; };
		360BD0371BC37FFC004312AB /* main.c in Sources */ = {isa = PBXBuildFile; fileRef = 360BD0341BC37FFC004312AB /* main.c */; settings = {ASSET_TAGS = (); }; };
/* End PBXBuildFile section */

/* Begin PBXCopyFilesBuildPhase section */
		360BD0251BC37F6C004312AB /* CopyFiles */ = {
			isa = PBXCopyFilesBuildPhase;
			buildActionMask = 2147483647;
			dstPath = /usr/share/man/man1/;
			dstSubfolderSpec = 0;
			files = (
			);
			runOnlyForDeploymentPostprocessing = 1;
		};
/* End PBXCopyFilesBuildPhase section */

/* Begin PBXFileReference section */
		360BD0271BC37F6C004312AB /* iHevc */ = {isa = PBXFileReference; explicitFileType = "compiled.mach-o.executable"; includeInIndex = 0; path = iHevc; sourceTree = BUILT_PRODUCTS_DIR; };
		360BD0311BC37FFC004312AB /* bits.c */ = {isa = PBXFileReference; fileEncoding = 4; lastKnownFileType = sourcecode.c.c; path = bits.c; sourceTree = "<group>"; };
		360BD0321BC37FFC004312AB /* bits.h */ = {isa = PBXFileReference; fileEncoding = 4; lastKnownFileType = sourcecode.c.h; path = bits.h; sourceTree = "<group>"; };
		360BD0331BC37FFC004312AB /* common.h */ = {isa = PBXFileReference; fileEncoding = 4; lastKnownFileType = sourcecode.c.h; path = common.h; sourceTree = "<group>"; };
		360BD0341BC37FFC004312AB /* main.c */ = {isa = PBXFileReference; fileEncoding = 4; lastKnownFileType = sourcecode.c.c; path = main.c; sourceTree = "<group>"; };
		360BD0351BC37FFC004312AB /* Makefile */ = {isa = PBXFileReference; fileEncoding = 4; lastKnownFileType = sourcecode.make; path = Makefile; sourceTree = "<group>"; };
/* End PBXFileReference section */

/* Begin PBXFrameworksBuildPhase section */
		360BD0241BC37F6C004312AB /* Frameworks */ = {
			isa = PBXFrameworksBuildPhase;
			buildActionMask = 2147483647;
			files = (
			);
			runOnlyForDeploymentPostprocessing = 0;
		};
/* End PBXFrameworksBuildPhase section */

/* Begin PBXGroup section */
		360BD01E1BC37F6C004312AB = {
			isa = PBXGroup;
			children = (
				360BD0311BC37FFC004312AB /* bits.c */,
				360BD0321BC37FFC004312AB /* bits.h */,
				360BD0331BC37FFC004312AB /* common.h */,
				360BD0341BC37FFC004312AB /* main.c */,
				360BD0351BC37FFC004312AB /* Makefile */,
				360BD0281BC37F6C004312AB /* Products */,
			);
			sourceTree = "<group>";
		};
		360BD0281BC37F6C004312AB /* Products */ = {
			isa = PBXGroup;
			children = (
				360BD0271BC37F6C004312AB /* iHevc */,
			);
			name = Products;
			sourceTree = "<group>";
		};
/* End PBXGroup section */

/* Begin PBXNativeTarget section */
		360BD0261BC37F6C004312AB /* iHevc */ = {
			isa = PBXNativeTarget;
			buildConfigurationList = 360BD02E1BC37F6C004312AB /* Build configuration list for PBXNativeTarget "iHevc" */;
			buildPhases = (
				360BD0231BC37F6C004312AB /* Sources */,
				360BD0241BC37F6C004312AB /* Frameworks */,
				360BD0251BC37F6C004312AB /* CopyFiles */,
			);
			buildRules = (
			);
			dependencies = (
			);
			name = iHevc;
			productName = iHevc;
			productReference = 360BD0271BC37F6C004312AB /* iHevc */;
			productType = "com.apple.product-type.tool";
		};
/* End PBXNativeTarget section */

/* Begin PBXProject section */
		360BD01F1BC37F6C004312AB /* Project object */ = {
			isa = PBXProject;
			attributes = {
				LastUpgradeCheck = 0700;
				ORGANIZATIONNAME = "Hank Lee";
				TargetAttributes = {
					360BD0261BC37F6C004312AB = {
						CreatedOnToolsVersion = 7.0;
					};
				};
			};
			buildConfigurationList = 360BD0221BC37F6C004312AB /* Build configuration list for PBXProject "iHevc" */;
			compatibilityVersion = "Xcode 3.2";
			developmentRegion = English;
			hasScannedForEncodings = 0;
			knownRegions = (
				en,
			);
			mainGroup = 360BD01E1BC37F6C004312AB;
			productRefGroup = 360BD0281BC37F6C004312AB /* Products */;
			projectDirPath = "";
			projectRoot = "";
			targets = (
				360BD0261BC37F6C004312AB /* iHevc */,
			);
		};
/* End PBXProject section */

/* Begin PBXSourcesBuildPhase section */
		360BD0231BC37F6C004312AB /* Sources */ = {
			isa = PBXSourcesBuildPhase;
			buildActionMask = 2147483647;
			files = (
				360BD0371BC37FFC004312AB /* main.c in Sources */,
				360BD0361BC37FFC004312AB /* bits.c in Sources */,
			);
			runOnlyForDeploymentPostprocessing = 0;
		};
/* End PBXSourcesBuildPhase section */

/* Begin XCBuildConfiguration section */
		360BD02C1BC37F6C004312AB /* Debug */ = {
			isa = XCBuildConfiguration;
			buildSettings = {
				ALWAYS_SEARCH_USER_PATHS = NO;
				CLANG_CXX_LANGUAGE_STANDARD = "gnu++0x";
				CLANG_CXX_LIBRARY = "libc++";
				CLANG_ENABLE_MODULES = YES;
				CLANG_ENABLE_OBJC_ARC = YES;
				CLANG_WARN_BOOL_CONVERSION = YES;
				CLANG_WARN_CONSTANT_CONVERSION = YES;
				CLANG_WARN_DIRECT_OBJC_ISA_USAGE = YES_ERROR;
				CLANG_WARN_EMPTY_BODY = YES;
				CLANG_WARN_ENUM_CONVERSION = YES;
				CLANG_WARN_INT_CONVERSION = YES;
				CLANG_WARN_OBJC_ROOT_CLASS = YES_ERROR;
				CLANG_WARN_UNREACHABLE_CODE = YES;
				CLANG_WARN__DUPLICATE_METHOD_MATCH = YES;
				COPY_PHASE_STRIP = NO;
				DEBUG_INFORMATION_FORMAT = dwarf;
				ENABLE_STRICT_OBJC_MSGSEND = YES;
				ENABLE_TESTABILITY = YES;
				GCC_C_LANGUAGE_STANDARD = gnu99;
				GCC_DYNAMIC_NO_PIC = NO;
				GCC_NO_COMMON_BLOCKS = YES;
				GCC_OPTIMIZATION_LEVEL = 0;
				GCC_PREPROCESSOR_DEFINITIONS = (
					"DEBUG=1",
					"$(inherited)",
				);
				GCC_WARN_64_TO_32_BIT_CONVERSION = YES;
				GCC_WARN_ABOUT_RETURN_TYPE = YES_ERROR;
				GCC_WARN_UNDECLARED_SELECTOR = YES;
				GCC_WARN_UNINITIALIZED_AUTOS = YES_AGGRESSIVE;
				GCC_WARN_UNUSED_FUNCTION = YES;
				GCC_WARN_UNUSED_VARIABLE = YES;
				MACOSX_DEPLOYMENT_TARGET = 10.11;
				MTL_ENABLE_DEBUG_INFO = YES;
				ONLY_ACTIVE_ARCH = YES;
				SDKROOT = macosx;
			};
			name = Debug;
		};
		360BD02D1BC37F6C004312AB /* Release */ = {
			isa = XCBuildConfiguration;
			buildSettings = {
				ALWAYS_SEARCH_USER_PATHS = NO;
				CLANG_CXX_LANGUAGE_STANDARD = "gnu++0x";
				CLANG_CXX_LIBRARY = "libc++";
				CLANG_ENABLE_MODULES = YES;
				CLANG_ENABLE_OBJC_ARC = YES;
				CLANG_WARN_BOOL_CONVERSION = YES;
				CLANG_WARN_CONSTANT_CONVERSION = YES;
				CLANG_WARN_DIRECT_OBJC_ISA_USAGE = YES_ERROR;
				CLANG_WARN_EMPTY_BODY = YES;
				CLANG_WARN_ENUM_CONVERSION = YES;
				CLANG_WARN_INT_CONVERSION = YES;
				CLANG_WARN_OBJC_ROOT_CLASS = YES_ERROR;
				CLANG_WARN_UNREACHABLE_CODE = YES;
				CLANG_WARN__DUPLICATE_METHOD_MATCH = YES;
				COPY_PHASE_STRIP = NO;
				DEBUG_INFORMATION_FORMAT = "dwarf-with-dsym";
				ENABLE_NS_ASSERTIONS = NO;
				ENABLE_STRICT_OBJC_MSGSEND = YES;
				GCC_C_LANGUAGE_STANDARD = gnu99;
				GCC_NO_COMMON_BLOCKS = YES;
				GCC_WARN_64_TO_32_BIT_CONVERSION = YES;
				GCC_WARN_ABOUT_RETURN_TYPE = YES_ERROR;
				GCC_WARN_UNDECLARED_SELECTOR = YES;
				GCC_WARN_UNINITIALIZED_AUTOS = YES_AGGRESSIVE;
				GCC_WARN_UNUSED_FUNCTION = YES;
				GCC_WARN_UNUSED_VARIABLE = YES;
				MACOSX_DEPLOYMENT_TARGET = 10.11;
				MTL_ENABLE_DEBUG_INFO = NO;
				SDKROOT = macosx;
			};
			name = Release;
		};
		360BD02F1BC37F6C004312AB /* Debug */ = {
			isa = XCBuildConfiguration;
			buildSettings = {
				PRODUCT_NAME = "$(TARGET_NAME)";
			};
			name = Debug;
		};
		360BD0301BC37F6C004312AB /* Release */ = {
			isa = XCBuildConfiguration;
			buildSettings = {
				PRODUCT_NAME = "$(TARGET_NAME)";
			};
			name = Release;
		};
/* End XCBuildConfiguration section */

/* Begin XCConfigurationList section */
		360BD0221BC37F6C004312AB /* Build configuration list for PBXProject "iHevc" */ = {
			isa = XCConfigurationList;
			buildConfigurations = (
				360BD02C1BC37F6C004312AB /* Debug */,
				360BD02D1BC37F6C004312AB /* Release */,
			);
			defaultConfigurationIsVisible = 0;
			defaultConfigurationName = Release;
		};
		360BD02E1BC37F6C004312AB /* Build configuration list for PBXNativeTarget "iHevc" */ = {
			isa = XCConfigurationList;
			buildConfigurations = (
				360BD02F1BC37F6C004312AB /* Debug */,
				360BD0301BC37F6C004312AB /* Release */,
			);
			defaultConfigurationIsVisible = 0;
			defaultConfigurationName = Release;
		};
/* End XCConfigurationList section */
	};
	rootObject = 360BD01F1BC37F6C004312AB /* Project object */;
}
